
Microsoft Visual Studio Solution File, Format Version 12.00
# Visual Studio Version 16
VisualStudioVersion = 16.0.30011.22
MinimumVisualStudioVersion = 10.0.40219.1
Project("{FAE04EC0-301F-11D3-BF4B-00C04F79EFBC}") = "ANKETAs", "ANKETAs\ANKETAs.csproj", "{C23A241F-F617-431B-9ED5-3ACF0373942E}"
EndProject
Global
	GlobalSection(SolutionConfigurationPlatforms) = preSolution
		Debug|Any CPU = Debug|Any CPU
		Release|Any CPU = Release|Any CPU
	EndGlobalSection
	GlobalSection(ProjectConfigurationPlatforms) = postSolution
		{C23A241F-F617-431B-9ED5-3ACF0373942E}.Debug|Any CPU.ActiveCfg = Debug|Any CPU
		{C23A241F-F617-431B-9ED5-3ACF0373942E}.Debug|Any CPU.Build.0 = Debug|Any CPU
		{C23A241F-F617-431B-9ED5-3ACF0373942E}.Release|Any CPU.ActiveCfg = Release|Any CPU
		{C23A241F-F617-431B-9ED5-3ACF0373942E}.Release|Any CPU.Build.0 = Release|Any CPU
	EndGlobalSection
	GlobalSection(SolutionProperties) = preSolution
		HideSolutionNode = FALSE
	EndGlobalSection
	GlobalSection(ExtensibilityGlobals) = postSolution
		SolutionGuid = {D550EFD9-1F88-48C0-A4BE-C41DF1CC8C18}
	EndGlobalSection
EndGlobal
