
Microsoft Visual Studio Solution File, Format Version 12.00
# Visual Studio Version 16
VisualStudioVersion = 16.0.30011.22
MinimumVisualStudioVersion = 10.0.40219.1
Project("{FAE04EC0-301F-11D3-BF4B-00C04F79EFBC}") = "TelefonBook", "TelefonBook\TelefonBook.csproj", "{31D7E53C-4C4C-4C6C-9551-9A6B429320EC}"
EndProject
Global
	GlobalSection(SolutionConfigurationPlatforms) = preSolution
		Debug|Any CPU = Debug|Any CPU
		Release|Any CPU = Release|Any CPU
	EndGlobalSection
	GlobalSection(ProjectConfigurationPlatforms) = postSolution
		{31D7E53C-4C4C-4C6C-9551-9A6B429320EC}.Debug|Any CPU.ActiveCfg = Debug|Any CPU
		{31D7E53C-4C4C-4C6C-9551-9A6B429320EC}.Debug|Any CPU.Build.0 = Debug|Any CPU
		{31D7E53C-4C4C-4C6C-9551-9A6B429320EC}.Release|Any CPU.ActiveCfg = Release|Any CPU
		{31D7E53C-4C4C-4C6C-9551-9A6B429320EC}.Release|Any CPU.Build.0 = Release|Any CPU
	EndGlobalSection
	GlobalSection(SolutionProperties) = preSolution
		HideSolutionNode = FALSE
	EndGlobalSection
	GlobalSection(ExtensibilityGlobals) = postSolution
		SolutionGuid = {C72907D4-11B7-409D-B787-256276B07993}
	EndGlobalSection
EndGlobal
