
Microsoft Visual Studio Solution File, Format Version 12.00
# Visual Studio Version 16
VisualStudioVersion = 16.0.30011.22
MinimumVisualStudioVersion = 10.0.40219.1
Project("{FAE04EC0-301F-11D3-BF4B-00C04F79EFBC}") = "City", "City\City.csproj", "{22B017C9-8F58-42B1-A89E-BA3055907E2D}"
EndProject
Global
	GlobalSection(SolutionConfigurationPlatforms) = preSolution
		Debug|Any CPU = Debug|Any CPU
		Release|Any CPU = Release|Any CPU
	EndGlobalSection
	GlobalSection(ProjectConfigurationPlatforms) = postSolution
		{22B017C9-8F58-42B1-A89E-BA3055907E2D}.Debug|Any CPU.ActiveCfg = Debug|Any CPU
		{22B017C9-8F58-42B1-A89E-BA3055907E2D}.Debug|Any CPU.Build.0 = Debug|Any CPU
		{22B017C9-8F58-42B1-A89E-BA3055907E2D}.Release|Any CPU.ActiveCfg = Release|Any CPU
		{22B017C9-8F58-42B1-A89E-BA3055907E2D}.Release|Any CPU.Build.0 = Release|Any CPU
	EndGlobalSection
	GlobalSection(SolutionProperties) = preSolution
		HideSolutionNode = FALSE
	EndGlobalSection
	GlobalSection(ExtensibilityGlobals) = postSolution
		SolutionGuid = {2F23F965-72C6-441A-9A83-7A110672F25D}
	EndGlobalSection
EndGlobal
