
Microsoft Visual Studio Solution File, Format Version 12.00
# Visual Studio Version 16
VisualStudioVersion = 16.0.30011.22
MinimumVisualStudioVersion = 10.0.40219.1
Project("{FAE04EC0-301F-11D3-BF4B-00C04F79EFBC}") = "ViewTree", "ViewTree\ViewTree.csproj", "{011BD8C7-9EDB-4BC0-BEBD-EC392A485E31}"
EndProject
Global
	GlobalSection(SolutionConfigurationPlatforms) = preSolution
		Debug|Any CPU = Debug|Any CPU
		Release|Any CPU = Release|Any CPU
	EndGlobalSection
	GlobalSection(ProjectConfigurationPlatforms) = postSolution
		{011BD8C7-9EDB-4BC0-BEBD-EC392A485E31}.Debug|Any CPU.ActiveCfg = Debug|Any CPU
		{011BD8C7-9EDB-4BC0-BEBD-EC392A485E31}.Debug|Any CPU.Build.0 = Debug|Any CPU
		{011BD8C7-9EDB-4BC0-BEBD-EC392A485E31}.Release|Any CPU.ActiveCfg = Release|Any CPU
		{011BD8C7-9EDB-4BC0-BEBD-EC392A485E31}.Release|Any CPU.Build.0 = Release|Any CPU
	EndGlobalSection
	GlobalSection(SolutionProperties) = preSolution
		HideSolutionNode = FALSE
	EndGlobalSection
	GlobalSection(ExtensibilityGlobals) = postSolution
		SolutionGuid = {5ED4E081-535D-4D7E-9F37-239308D89457}
	EndGlobalSection
EndGlobal
